
Microsoft Visual Studio Solution File, Format Version 12.00
# Visual Studio 2012
Project("{FAE04EC0-301F-11D3-BF4B-00C04F79EFBC}") = "RPGWebServer", "RPGWebServer\RPGWebServer.csproj", "{FAEC34FB-FD57-47F2-99F3-C61F079BD88D}"
EndProject
Global
	GlobalSection(SolutionConfigurationPlatforms) = preSolution
		Debug|Any CPU = Debug|Any CPU
		Release|Any CPU = Release|Any CPU
	EndGlobalSection
	GlobalSection(ProjectConfigurationPlatforms) = postSolution
		{FAEC34FB-FD57-47F2-99F3-C61F079BD88D}.Debug|Any CPU.ActiveCfg = Debug|Any CPU
		{FAEC34FB-FD57-47F2-99F3-C61F079BD88D}.Debug|Any CPU.Build.0 = Debug|Any CPU
		{FAEC34FB-FD57-47F2-99F3-C61F079BD88D}.Release|Any CPU.ActiveCfg = Release|Any CPU
		{FAEC34FB-FD57-47F2-99F3-C61F079BD88D}.Release|Any CPU.Build.0 = Release|Any CPU
	EndGlobalSection
	GlobalSection(SolutionProperties) = preSolution
		HideSolutionNode = FALSE
	EndGlobalSection
EndGlobal
